{
  "nodes": {
    "home-manager": {
      "inputs": {
        "nixpkgs": [
          "nixpkgs"
        ]
      },
      "locked": {
        "lastModified": 1736781604,
        "narHash": "sha256-nIjcN89nxaI5ZnwU/1gzc3rBVQ/te5sHraYeG4cyJX4=",
        "owner": "nix-community",
        "repo": "home-manager",
        "rev": "9616d81f98032d1ee9bec68ab4b6a8c833add88c",
        "type": "github"
      },
      "original": {
        "owner": "nix-community",
        "repo": "home-manager",
        "type": "github"
      }
    },
    "nixpkgs": {
      "locked": {
        "lastModified": 1736701207,
        "narHash": "sha256-jG/+MvjVY7SlTakzZ2fJ5dC3V1PrKKrUEOEE30jrOKA=",
        "owner": "nixos",
        "repo": "nixpkgs",
        "rev": "ed4a395ea001367c1f13d34b1e01aa10290f67d6",
        "type": "github"
      },
      "original": {
        "owner": "nixos",
        "ref": "nixos-unstable",
        "repo": "nixpkgs",
        "type": "github"
      }
    },
    "nixpkgs_2": {
      "locked": {
        "lastModified": 1735471104,
        "narHash": "sha256-0q9NGQySwDQc7RhAV2ukfnu7Gxa5/ybJ2ANT8DQrQrs=",
        "owner": "nixos",
        "repo": "nixpkgs",
        "rev": "88195a94f390381c6afcdaa933c2f6ff93959cb4",
        "type": "github"
      },
      "original": {
        "owner": "nixos",
        "ref": "nixos-unstable",
        "repo": "nixpkgs",
        "type": "github"
      }
    },
    "root": {
      "inputs": {
        "home-manager": "home-manager",
        "nixpkgs": "nixpkgs",
        "zen-browser": "zen-browser"
      }
    },
    "zen-browser": {
      "inputs": {
        "nixpkgs": "nixpkgs_2"
      },
      "locked": {
        "lastModified": 1736742126,
        "narHash": "sha256-vncZtYaV+MKOZrDJW/OkvtXEu2a5bYvgO6ldN6s+1To=",
        "owner": "0xc000022070",
        "repo": "zen-browser-flake",
        "rev": "ee8352faad5be12f7088431b979fa36088be65c4",
        "type": "github"
      },
      "original": {
        "owner": "0xc000022070",
        "repo": "zen-browser-flake",
        "type": "github"
      }
    }
  },
  "root": "root",
  "version": 7
}
